<?xml version="1.0" encoding="utf-8"?>
<Project ToolsVersion="4.0" xmlns="http://schemas.microsoft.com/developer/msbuild/2003">
  <ItemGroup>
    <ClCompile Include="main.cpp" />
    <ClCompile Include="pch.cpp" />
    <ClCompile Include="WinSockManager.cpp">
      <Filter>WinSockManager</Filter>
    </ClCompile>
    <ClCompile Include="Session.cpp">
      <Filter>Session</Filter>
    </ClCompile>
    <ClCompile Include="SessionManager.cpp">
      <Filter>Session</Filter>
    </ClCompile>
    <ClCompile Include="Server.cpp">
      <Filter>Server</Filter>
    </ClCompile>
    <ClCompile Include="IOHandler.cpp">
      <Filter>IO</Filter>
    </ClCompile>
    <ClCompile Include="LogicWorker.cpp" />
    <ClCompile Include="b_Session.cpp">
      <Filter>Session</Filter>
    </ClCompile>
  </ItemGroup>
  <ItemGroup>
    <Filter Include="utils">
      <UniqueIdentifier>{4e3c630a-2e56-4bc3-b37c-130a675414f8}</UniqueIdentifier>
    </Filter>
    <Filter Include="Contexts">
      <UniqueIdentifier>{997baa99-6e1d-4454-84d1-da27e64b3003}</UniqueIdentifier>
    </Filter>
    <Filter Include="WinSockManager">
      <UniqueIdentifier>{0d58eb50-75a6-470e-8aaa-dd2c68a5fa62}</UniqueIdentifier>
    </Filter>
    <Filter Include="Session">
      <UniqueIdentifier>{88ad6814-5c13-48d5-9529-3d6762bb79fd}</UniqueIdentifier>
    </Filter>
    <Filter Include="Server">
      <UniqueIdentifier>{4a729e3a-e356-4bf0-a646-73ad27d39645}</UniqueIdentifier>
    </Filter>
    <Filter Include="IO">
      <UniqueIdentifier>{8c4391c9-99a6-4444-b221-87f63a22fdc8}</UniqueIdentifier>
    </Filter>
  </ItemGroup>
  <ItemGroup>
    <ClInclude Include="utils.hpp">
      <Filter>utils</Filter>
    </ClInclude>
    <ClInclude Include="pch.h" />
    <ClInclude Include="CustomStructs.hpp">
      <Filter>utils</Filter>
    </ClInclude>
    <ClInclude Include="WinSockManager.hpp">
      <Filter>WinSockManager</Filter>
    </ClInclude>
    <ClInclude Include="Session.hpp">
      <Filter>Session</Filter>
    </ClInclude>
    <ClInclude Include="SessionManager.hpp">
      <Filter>Session</Filter>
    </ClInclude>
    <ClInclude Include="Server.hpp">
      <Filter>Server</Filter>
    </ClInclude>
    <ClInclude Include="IOHandler.hpp">
      <Filter>IO</Filter>
    </ClInclude>
    <ClInclude Include="LogicWorker.hpp" />
  </ItemGroup>
</Project>